
Microsoft Visual Studio Solution File, Format Version 12.00
# Visual Studio 15
VisualStudioVersion = 15.0.26430.15
MinimumVisualStudioVersion = 10.0.40219.1
Project("{FAE04EC0-301F-11D3-BF4B-00C04F79EFBC}") = "EjemploGenerics1", "EjemploGenerics1\EjemploGenerics1.csproj", "{9F247CC1-EACA-4CD9-93C7-89F9B91E82DC}"
EndProject
Project("{FAE04EC0-301F-11D3-BF4B-00C04F79EFBC}") = "EjemploInterfaces1", "EjemploInterfaces1\EjemploInterfaces1.csproj", "{2A32C6A4-8F66-4952-89BF-898A8E3C8A8D}"
EndProject
Project("{FAE04EC0-301F-11D3-BF4B-00C04F79EFBC}") = "Reproductores", "Reproductores\Reproductores.csproj", "{37818F45-5632-4643-B30B-ECBAC1EA5823}"
EndProject
Project("{FAE04EC0-301F-11D3-BF4B-00C04F79EFBC}") = "EjemploSerializacion1", "EjemploSerializacion\EjemploSerializacion1.csproj", "{4BD35AD6-D476-45EC-A52A-5E0C9AECE6DD}"
EndProject
Project("{FAE04EC0-301F-11D3-BF4B-00C04F79EFBC}") = "BibliotecaSerializacion", "BibliotecaSerializacion\BibliotecaSerializacion.csproj", "{C7A95D02-4A0A-4A0D-9C5B-99B25F6DD9F8}"
EndProject
Project("{FAE04EC0-301F-11D3-BF4B-00C04F79EFBC}") = "ClasesSerializacion", "ClasesSerializacion\ClasesSerializacion.csproj", "{FB173776-0A91-4769-8DBE-1EA83D28C840}"
EndProject
Global
	GlobalSection(SolutionConfigurationPlatforms) = preSolution
		Debug|Any CPU = Debug|Any CPU
		Release|Any CPU = Release|Any CPU
	EndGlobalSection
	GlobalSection(ProjectConfigurationPlatforms) = postSolution
		{9F247CC1-EACA-4CD9-93C7-89F9B91E82DC}.Debug|Any CPU.ActiveCfg = Debug|Any CPU
		{9F247CC1-EACA-4CD9-93C7-89F9B91E82DC}.Debug|Any CPU.Build.0 = Debug|Any CPU
		{9F247CC1-EACA-4CD9-93C7-89F9B91E82DC}.Release|Any CPU.ActiveCfg = Release|Any CPU
		{9F247CC1-EACA-4CD9-93C7-89F9B91E82DC}.Release|Any CPU.Build.0 = Release|Any CPU
		{2A32C6A4-8F66-4952-89BF-898A8E3C8A8D}.Debug|Any CPU.ActiveCfg = Debug|Any CPU
		{2A32C6A4-8F66-4952-89BF-898A8E3C8A8D}.Debug|Any CPU.Build.0 = Debug|Any CPU
		{2A32C6A4-8F66-4952-89BF-898A8E3C8A8D}.Release|Any CPU.ActiveCfg = Release|Any CPU
		{2A32C6A4-8F66-4952-89BF-898A8E3C8A8D}.Release|Any CPU.Build.0 = Release|Any CPU
		{37818F45-5632-4643-B30B-ECBAC1EA5823}.Debug|Any CPU.ActiveCfg = Debug|Any CPU
		{37818F45-5632-4643-B30B-ECBAC1EA5823}.Debug|Any CPU.Build.0 = Debug|Any CPU
		{37818F45-5632-4643-B30B-ECBAC1EA5823}.Release|Any CPU.ActiveCfg = Release|Any CPU
		{37818F45-5632-4643-B30B-ECBAC1EA5823}.Release|Any CPU.Build.0 = Release|Any CPU
		{4BD35AD6-D476-45EC-A52A-5E0C9AECE6DD}.Debug|Any CPU.ActiveCfg = Debug|Any CPU
		{4BD35AD6-D476-45EC-A52A-5E0C9AECE6DD}.Debug|Any CPU.Build.0 = Debug|Any CPU
		{4BD35AD6-D476-45EC-A52A-5E0C9AECE6DD}.Release|Any CPU.ActiveCfg = Release|Any CPU
		{4BD35AD6-D476-45EC-A52A-5E0C9AECE6DD}.Release|Any CPU.Build.0 = Release|Any CPU
		{C7A95D02-4A0A-4A0D-9C5B-99B25F6DD9F8}.Debug|Any CPU.ActiveCfg = Debug|Any CPU
		{C7A95D02-4A0A-4A0D-9C5B-99B25F6DD9F8}.Debug|Any CPU.Build.0 = Debug|Any CPU
		{C7A95D02-4A0A-4A0D-9C5B-99B25F6DD9F8}.Release|Any CPU.ActiveCfg = Release|Any CPU
		{C7A95D02-4A0A-4A0D-9C5B-99B25F6DD9F8}.Release|Any CPU.Build.0 = Release|Any CPU
		{FB173776-0A91-4769-8DBE-1EA83D28C840}.Debug|Any CPU.ActiveCfg = Debug|Any CPU
		{FB173776-0A91-4769-8DBE-1EA83D28C840}.Debug|Any CPU.Build.0 = Debug|Any CPU
		{FB173776-0A91-4769-8DBE-1EA83D28C840}.Release|Any CPU.ActiveCfg = Release|Any CPU
		{FB173776-0A91-4769-8DBE-1EA83D28C840}.Release|Any CPU.Build.0 = Release|Any CPU
	EndGlobalSection
	GlobalSection(SolutionProperties) = preSolution
		HideSolutionNode = FALSE
	EndGlobalSection
EndGlobal
